{
  "nodes": {
    "SDL2-win32": {
      "inputs": {
        "SDL2_src": "SDL2_src",
        "nixpkgs": [
          "nixpkgs"
        ],
        "tinycmmc": [
          "tinycmmc"
        ]
      },
      "locked": {
        "lastModified": 1716833876,
        "narHash": "sha256-1p8eoLonn1t3XfCYhCGzzGtleHEz4xUI+qT/clZJBg4=",
        "owner": "grumnix",
        "repo": "SDL2-win32",
        "rev": "d210bca9d350d58aea48ee96a2710ad1d062a4b2",
        "type": "github"
      },
      "original": {
        "owner": "grumnix",
        "repo": "SDL2-win32",
        "type": "github"
      }
    },
    "SDL2_src": {
      "flake": false,
      "locked": {
        "lastModified": 1714580322,
        "narHash": "sha256-vAZh6I18Vuw2MfY5NKpv4QcHx20SUSds4mPosUgicmg=",
        "type": "tarball",
        "url": "https://libsdl.org/release/SDL2-devel-2.30.3-mingw.tar.gz"
      },
      "original": {
        "type": "tarball",
        "url": "https://libsdl.org/release/SDL2-devel-2.30.3-mingw.tar.gz"
      }
    },
    "argpp": {
      "inputs": {
        "flake-utils": [
          "flake-utils"
        ],
        "nixpkgs": [
          "nixpkgs"
        ],
        "tinycmmc": [
          "tinycmmc"
        ]
      },
      "locked": {
        "lastModified": 1660505203,
        "narHash": "sha256-unfAFxgvv1BOUEqrYYMFfouGe2xIcKJ3ithCel1P9sc=",
        "owner": "grumbel",
        "repo": "argpp",
        "rev": "9e1d54f8ed20af0aa5857e6653ab605b2ab63d5c",
        "type": "github"
      },
      "original": {
        "owner": "grumbel",
        "ref": "stable",
        "repo": "argpp",
        "type": "github"
      }
    },
    "babyxml": {
      "inputs": {
        "nixpkgs": [
          "nixpkgs"
        ],
        "tinycmmc": [
          "tinycmmc"
        ]
      },
      "locked": {
        "lastModified": 1716728957,
        "narHash": "sha256-O1jH5VZ//92nW+HwtoXoen3PR2/QvMwLiOq8ex0Qnhw=",
        "owner": "grumbel",
        "repo": "babyxml",
        "rev": "8ab2b3f3a33c654097226e4c243e5f49b48e7e71",
        "type": "github"
      },
      "original": {
        "owner": "grumbel",
        "repo": "babyxml",
        "type": "github"
      }
    },
    "biiocpp": {
      "inputs": {
        "nixpkgs": [
          "nixpkgs"
        ],
        "tinycmmc": [
          "tinycmmc"
        ]
      },
      "locked": {
        "lastModified": 1716729192,
        "narHash": "sha256-l3g0L3EAVwV4nzxxNF9SoOPIAYrGM+gktbrGI2SL2Hc=",
        "owner": "grumbel",
        "repo": "biiocpp",
        "rev": "15142985bd79cba40ddb2f64cfd1c85c9b48ab52",
        "type": "github"
      },
      "original": {
        "owner": "grumbel",
        "repo": "biiocpp",
        "type": "github"
      }
    },
    "flake-utils": {
      "inputs": {
        "systems": "systems"
      },
      "locked": {
        "lastModified": 1710146030,
        "narHash": "sha256-SZ5L6eA7HJ/nmkzGG7/ISclqe6oZdOZTNoesiInkXPQ=",
        "owner": "numtide",
        "repo": "flake-utils",
        "rev": "b1d9ab70662946ef0850d488da1c9019f3a9752a",
        "type": "github"
      },
      "original": {
        "owner": "numtide",
        "repo": "flake-utils",
        "type": "github"
      }
    },
    "flake-utils_2": {
      "inputs": {
        "systems": "systems_2"
      },
      "locked": {
        "lastModified": 1701680307,
        "narHash": "sha256-kAuep2h5ajznlPMD9rnQyffWG8EM/C73lejGofXvdM8=",
        "owner": "numtide",
        "repo": "flake-utils",
        "rev": "4022d587cbbfd70fe950c1e2083a02621806a725",
        "type": "github"
      },
      "original": {
        "owner": "numtide",
        "repo": "flake-utils",
        "type": "github"
      }
    },
    "freetype-win32": {
      "inputs": {
        "freetype_src": "freetype_src",
        "nixpkgs": [
          "wstdisplay",
          "nixpkgs"
        ],
        "tinycmmc": [
          "wstdisplay",
          "tinycmmc"
        ]
      },
      "locked": {
        "lastModified": 1712097214,
        "narHash": "sha256-5MQUyK6OSQtLpm1xcgu1fc1ASRxnsuh+MFo2i2Bt5xs=",
        "owner": "grumnix",
        "repo": "freetype-win32",
        "rev": "6ba76d185914748f4d462abf603b3b2425c7929e",
        "type": "github"
      },
      "original": {
        "owner": "grumnix",
        "repo": "freetype-win32",
        "type": "github"
      }
    },
    "freetype_src": {
      "flake": false,
      "locked": {
        "lastModified": 1687588007,
        "narHash": "sha256-e1WKuyGSJwgSSzdXqbuZdbosyxpMfr/Fw/LqVMTnZus=",
        "type": "tarball",
        "url": "https://download.savannah.gnu.org/releases/freetype/freetype-2.13.1.tar.gz"
      },
      "original": {
        "type": "tarball",
        "url": "https://download.savannah.gnu.org/releases/freetype/freetype-2.13.1.tar.gz"
      }
    },
    "geomcpp": {
      "inputs": {
        "nixpkgs": [
          "nixpkgs"
        ],
        "tinycmmc": [
          "tinycmmc"
        ]
      },
      "locked": {
        "lastModified": 1716729078,
        "narHash": "sha256-c5CIQTRS8qmlTdZ2D1hNnht3gD9snuQaqOWDiLAkE2g=",
        "owner": "grumbel",
        "repo": "geomcpp",
        "rev": "730b3d35bc4fcd5f68764239682d936bae192811",
        "type": "github"
      },
      "original": {
        "owner": "grumbel",
        "repo": "geomcpp",
        "type": "github"
      }
    },
    "glew-win32": {
      "inputs": {
        "glew_src": "glew_src",
        "nixpkgs": [
          "wstdisplay",
          "nixpkgs"
        ],
        "tinycmmc": [
          "wstdisplay",
          "tinycmmc"
        ]
      },
      "locked": {
        "lastModified": 1716729346,
        "narHash": "sha256-bO+mEfQT7V86Xi7m4xLpigWh4FxLSlbwBUnndn4Lb+o=",
        "owner": "grumnix",
        "repo": "glew-win32",
        "rev": "e2cc411d17dc1845eb25492e9bf408d5862ad19c",
        "type": "github"
      },
      "original": {
        "owner": "grumnix",
        "repo": "glew-win32",
        "type": "github"
      }
    },
    "glew_src": {
      "flake": false,
      "locked": {
        "lastModified": 1584277261,
        "narHash": "sha256-q91JXPURP4ZRGf0RjH78Yn0wV1MaL/JBTzJc8WSxWW8=",
        "type": "tarball",
        "url": "https://github.com/nigels-com/glew/releases/download/glew-2.2.0/glew-2.2.0-win32.zip"
      },
      "original": {
        "type": "tarball",
        "url": "https://github.com/nigels-com/glew/releases/download/glew-2.2.0/glew-2.2.0-win32.zip"
      }
    },
    "libmodplug-win32": {
      "inputs": {
        "libmodplug_src": "libmodplug_src",
        "nixpkgs": [
          "wstsound",
          "nixpkgs"
        ],
        "tinycmmc": [
          "wstsound",
          "tinycmmc"
        ]
      },
      "locked": {
        "lastModified": 1712097214,
        "narHash": "sha256-4L8wi+A5eKevKcjxLMhXvvHpolUMAyaejjohJmPOSBE=",
        "owner": "grumnix",
        "repo": "libmodplug-win32",
        "rev": "34cd19009c09b43e1d9b7dea7e95142ff5a6d15e",
        "type": "github"
      },
      "original": {
        "owner": "grumnix",
        "repo": "libmodplug-win32",
        "type": "github"
      }
    },
    "libmodplug_src": {
      "flake": false,
      "locked": {
        "lastModified": 1493040202,
        "narHash": "sha256-jNHspgIcrv5AUEgq2MB4TSqbj//tTCXiOoSqYjShGkw=",
        "type": "tarball",
        "url": "https://downloads.sourceforge.net/project/modplug-xmms/libmodplug/0.8.9.0/libmodplug-0.8.9.0.tar.gz"
      },
      "original": {
        "type": "tarball",
        "url": "https://downloads.sourceforge.net/project/modplug-xmms/libmodplug/0.8.9.0/libmodplug-0.8.9.0.tar.gz"
      }
    },
    "libogg-win32": {
      "inputs": {
        "libogg_src": "libogg_src",
        "nixpkgs": [
          "wstsound",
          "nixpkgs"
        ],
        "tinycmmc": [
          "wstsound",
          "tinycmmc"
        ]
      },
      "locked": {
        "lastModified": 1716728441,
        "narHash": "sha256-HjPNH3gJisG7+keqmWh2SsRRKn/+0yeLloaow78RpFU=",
        "owner": "grumnix",
        "repo": "libogg-win32",
        "rev": "7ac1ded6d96c3924a0a7905b75af2af3ea0dfaa3",
        "type": "github"
      },
      "original": {
        "owner": "grumnix",
        "repo": "libogg-win32",
        "type": "github"
      }
    },
    "libogg_src": {
      "flake": false,
      "locked": {
        "lastModified": 1622776889,
        "narHash": "sha256-L8hFWoCh2VTdlsOq+cbP1eYAnciH70xlk1eSwr8YP5c=",
        "type": "tarball",
        "url": "https://downloads.xiph.org/releases/ogg/libogg-1.3.5.tar.gz"
      },
      "original": {
        "type": "tarball",
        "url": "https://downloads.xiph.org/releases/ogg/libogg-1.3.5.tar.gz"
      }
    },
    "libvorbis-win32": {
      "inputs": {
        "libogg": [
          "wstsound",
          "libogg-win32"
        ],
        "libvorbis_src": "libvorbis_src",
        "nixpkgs": [
          "wstsound",
          "nixpkgs"
        ],
        "tinycmmc": [
          "wstsound",
          "tinycmmc"
        ]
      },
      "locked": {
        "lastModified": 1716728493,
        "narHash": "sha256-Ooh0dv6uRegUdvbVovgmctj0oxhp9tQh56ZyCYVouNE=",
        "owner": "grumnix",
        "repo": "libvorbis-win32",
        "rev": "c7fc737798ad8eec2e8d0899d603fbe0cb2e9455",
        "type": "github"
      },
      "original": {
        "owner": "grumnix",
        "repo": "libvorbis-win32",
        "type": "github"
      }
    },
    "libvorbis_src": {
      "flake": false,
      "locked": {
        "lastModified": 1593843770,
        "narHash": "sha256-xXty8sK0hmJX7jQu5+CDBslNVQ0+dZaUrbp/12xVmy0=",
        "type": "tarball",
        "url": "https://downloads.xiph.org/releases/vorbis/libvorbis-1.3.7.tar.xz"
      },
      "original": {
        "type": "tarball",
        "url": "https://downloads.xiph.org/releases/vorbis/libvorbis-1.3.7.tar.xz"
      }
    },
    "logmich": {
      "inputs": {
        "nixpkgs": [
          "nixpkgs"
        ],
        "tinycmmc": [
          "tinycmmc"
        ]
      },
      "locked": {
        "lastModified": 1716728859,
        "narHash": "sha256-RgyLWkRBOCvuCmyvfG0WSDH6PzTEuE36RKcIrgef7eA=",
        "owner": "logmich",
        "repo": "logmich",
        "rev": "0cc475efc10c6786d1d805c997fab1d7da60252a",
        "type": "github"
      },
      "original": {
        "owner": "logmich",
        "repo": "logmich",
        "type": "github"
      }
    },
    "miniswig": {
      "inputs": {
        "nixpkgs": [
          "nixpkgs"
        ],
        "squirrel": "squirrel",
        "tinycmmc": "tinycmmc"
      },
      "locked": {
        "lastModified": 1716730579,
        "narHash": "sha256-qeaVEUPW1cF2/WyHlbfX4NgJ5kMLsWQFB/pGZ4fZZ24=",
        "owner": "WindstilleTeam",
        "repo": "miniswig",
        "rev": "4565130ca81daa84372729e2df69636afe59cc94",
        "type": "github"
      },
      "original": {
        "owner": "WindstilleTeam",
        "repo": "miniswig",
        "type": "github"
      }
    },
    "mpg123-win32": {
      "inputs": {
        "mpg123_src": "mpg123_src",
        "nixpkgs": [
          "wstsound",
          "nixpkgs"
        ],
        "tinycmmc": [
          "wstsound",
          "tinycmmc"
        ]
      },
      "locked": {
        "lastModified": 1716728685,
        "narHash": "sha256-+oyZIT88pcIuWUW1jw69KpxEjvqU1QDtF3VV6hiTVAo=",
        "owner": "grumnix",
        "repo": "mpg123-win32",
        "rev": "aead750a3614f02601f7e81f67751b9f64eeab07",
        "type": "github"
      },
      "original": {
        "owner": "grumnix",
        "repo": "mpg123-win32",
        "type": "github"
      }
    },
    "mpg123_src": {
      "flake": false,
      "locked": {
        "lastModified": 1679225440,
        "narHash": "sha256-OGSGPiIZbcBhovnX+rMquDECVT0myZDpJFxMYQMK4TM=",
        "type": "tarball",
        "url": "https://downloads.sourceforge.net/project/mpg123/mpg123/1.31.3/mpg123-1.31.3.tar.bz2"
      },
      "original": {
        "type": "tarball",
        "url": "https://downloads.sourceforge.net/project/mpg123/mpg123/1.31.3/mpg123-1.31.3.tar.bz2"
      }
    },
    "nixpkgs": {
      "locked": {
        "lastModified": 1716542732,
        "narHash": "sha256-0Y9fRr0CUqWT4KgBITmaGwlnNIGMYuydu2L8iLTfHU4=",
        "owner": "NixOS",
        "repo": "nixpkgs",
        "rev": "d12251ef6e8e6a46e05689eeccd595bdbd3c9e60",
        "type": "github"
      },
      "original": {
        "owner": "NixOS",
        "ref": "nixos-24.05",
        "repo": "nixpkgs",
        "type": "github"
      }
    },
    "openal-soft-win32": {
      "inputs": {
        "nixpkgs": [
          "wstsound",
          "nixpkgs"
        ],
        "openal-soft_src": "openal-soft_src",
        "tinycmmc": [
          "wstsound",
          "tinycmmc"
        ]
      },
      "locked": {
        "lastModified": 1712097214,
        "narHash": "sha256-cuiOE7lCr25PVRgrRZ0nlT9e07oXDh20e/Tc4XoUNcs=",
        "owner": "grumnix",
        "repo": "openal-soft-win32",
        "rev": "cf2d13dc31a9cbeafcd871287ed82d8c634f0348",
        "type": "github"
      },
      "original": {
        "owner": "grumnix",
        "repo": "openal-soft-win32",
        "type": "github"
      }
    },
    "openal-soft_src": {
      "flake": false,
      "locked": {
        "lastModified": 1656318833,
        "narHash": "sha256-MVM0qCZDWcO7/Hnco+0dBqzBLcWD279xjx0slxxlc4w=",
        "owner": "kcat",
        "repo": "openal-soft",
        "rev": "dc83d99c95a42c960150ddeee06c124134b52208",
        "type": "github"
      },
      "original": {
        "owner": "kcat",
        "ref": "1.22.2",
        "repo": "openal-soft",
        "type": "github"
      }
    },
    "opus-win32": {
      "inputs": {
        "nixpkgs": [
          "wstsound",
          "nixpkgs"
        ],
        "opus_src": "opus_src",
        "tinycmmc": [
          "wstsound",
          "tinycmmc"
        ]
      },
      "locked": {
        "lastModified": 1716728603,
        "narHash": "sha256-3+GUby3dHbQPdsBiGQlQ9XgNyZe1hORqbQpGUCzFm1E=",
        "owner": "grumnix",
        "repo": "opus-win32",
        "rev": "4530cd6280b2c239d8df717943fa0f63b1a3a650",
        "type": "github"
      },
      "original": {
        "owner": "grumnix",
        "repo": "opus-win32",
        "type": "github"
      }
    },
    "opus_src": {
      "flake": false,
      "locked": {
        "lastModified": 1555106623,
        "narHash": "sha256-VyHmKoRXCJ0shVfUn6cX13b0fAXIQk0Z5NLZIfy8Gh4=",
        "type": "tarball",
        "url": "https://archive.mozilla.org/pub/opus/opus-1.3.1.tar.gz"
      },
      "original": {
        "type": "tarball",
        "url": "https://archive.mozilla.org/pub/opus/opus-1.3.1.tar.gz"
      }
    },
    "opusfile-win32": {
      "inputs": {
        "libogg": [
          "wstsound",
          "libogg-win32"
        ],
        "nixpkgs": [
          "wstsound",
          "nixpkgs"
        ],
        "opus": [
          "wstsound",
          "opus-win32"
        ],
        "opusfile_src": "opusfile_src",
        "tinycmmc": [
          "wstsound",
          "tinycmmc"
        ]
      },
      "locked": {
        "lastModified": 1716728646,
        "narHash": "sha256-pCL8yrYE3EppKKrv8ORuCaWepm6eYmsYj3I1WoIxWDQ=",
        "owner": "grumnix",
        "repo": "opusfile-win32",
        "rev": "c19b24efe82fd596016d7805e9206466c0b5744e",
        "type": "github"
      },
      "original": {
        "owner": "grumnix",
        "repo": "opusfile-win32",
        "type": "github"
      }
    },
    "opusfile_src": {
      "flake": false,
      "locked": {
        "lastModified": 1593226173,
        "narHash": "sha256-UEoOyY9DM5lINTAHIfSRK5+o622pIK2ObQ00swIcM40=",
        "type": "tarball",
        "url": "https://downloads.xiph.org/releases/opus/opusfile-0.12.tar.gz"
      },
      "original": {
        "type": "tarball",
        "url": "https://downloads.xiph.org/releases/opus/opusfile-0.12.tar.gz"
      }
    },
    "priocpp": {
      "inputs": {
        "flake-utils": [
          "flake-utils"
        ],
        "logmich": [
          "logmich"
        ],
        "nixpkgs": [
          "nixpkgs"
        ],
        "sexpcpp": "sexpcpp",
        "tinycmmc": [
          "tinycmmc"
        ]
      },
      "locked": {
        "lastModified": 1716729881,
        "narHash": "sha256-49nt9ehd6YJPKjQaqfJoiiriLge6ui0RuJI+YXt/j5A=",
        "owner": "grumbel",
        "repo": "priocpp",
        "rev": "214a0ff789d5c58e76d870fe2e75f98857991855",
        "type": "github"
      },
      "original": {
        "owner": "grumbel",
        "repo": "priocpp",
        "type": "github"
      }
    },
    "root": {
      "inputs": {
        "SDL2-win32": "SDL2-win32",
        "argpp": "argpp",
        "babyxml": "babyxml",
        "biiocpp": "biiocpp",
        "flake-utils": "flake-utils",
        "geomcpp": "geomcpp",
        "logmich": "logmich",
        "miniswig": "miniswig",
        "nixpkgs": "nixpkgs",
        "priocpp": "priocpp",
        "squirrel": "squirrel_2",
        "surfcpp": "surfcpp",
        "tinycmmc": "tinycmmc_2",
        "wstdisplay": "wstdisplay",
        "wstgui": "wstgui",
        "wstinput": "wstinput",
        "wstsound": "wstsound"
      }
    },
    "sexpcpp": {
      "inputs": {
        "flake-utils": [
          "priocpp",
          "flake-utils"
        ],
        "nixpkgs": [
          "priocpp",
          "nixpkgs"
        ],
        "tinycmmc": [
          "priocpp",
          "tinycmmc"
        ]
      },
      "locked": {
        "lastModified": 1716729616,
        "narHash": "sha256-P9NQI/H7zR2SGBghL7XsV4WM5e+yI1XNojLOuM7g5Fc=",
        "owner": "lispparser",
        "repo": "sexp-cpp",
        "rev": "4d8096c223d2f469ca6e407e793d20980f6aba76",
        "type": "github"
      },
      "original": {
        "owner": "lispparser",
        "repo": "sexp-cpp",
        "type": "github"
      }
    },
    "sexpcpp_2": {
      "inputs": {
        "flake-utils": [
          "wstgui",
          "flake-utils"
        ],
        "nixpkgs": [
          "wstgui",
          "nixpkgs"
        ],
        "tinycmmc": [
          "wstgui",
          "tinycmmc"
        ]
      },
      "locked": {
        "lastModified": 1716729616,
        "narHash": "sha256-P9NQI/H7zR2SGBghL7XsV4WM5e+yI1XNojLOuM7g5Fc=",
        "owner": "lispparser",
        "repo": "sexp-cpp",
        "rev": "4d8096c223d2f469ca6e407e793d20980f6aba76",
        "type": "github"
      },
      "original": {
        "owner": "lispparser",
        "repo": "sexp-cpp",
        "type": "github"
      }
    },
    "sexpcpp_3": {
      "inputs": {
        "flake-utils": [
          "wstinput",
          "flake-utils"
        ],
        "nixpkgs": [
          "wstinput",
          "nixpkgs"
        ],
        "tinycmmc": [
          "wstinput",
          "tinycmmc"
        ]
      },
      "locked": {
        "lastModified": 1716729616,
        "narHash": "sha256-P9NQI/H7zR2SGBghL7XsV4WM5e+yI1XNojLOuM7g5Fc=",
        "owner": "lispparser",
        "repo": "sexp-cpp",
        "rev": "4d8096c223d2f469ca6e407e793d20980f6aba76",
        "type": "github"
      },
      "original": {
        "owner": "lispparser",
        "repo": "sexp-cpp",
        "type": "github"
      }
    },
    "squirrel": {
      "inputs": {
        "nixpkgs": [
          "miniswig",
          "nixpkgs"
        ],
        "squirrel_src": "squirrel_src",
        "tinycmmc": [
          "miniswig",
          "tinycmmc"
        ]
      },
      "locked": {
        "lastModified": 1716730551,
        "narHash": "sha256-c1rEjrcJ3Z7ZweQfOSs1lb8GNT5qAszmNKJ3pNyJkoo=",
        "owner": "grumnix",
        "repo": "squirrel",
        "rev": "e68aa9ae942cca756db34641ea07fb8339df7743",
        "type": "github"
      },
      "original": {
        "owner": "grumnix",
        "repo": "squirrel",
        "type": "github"
      }
    },
    "squirrel_2": {
      "inputs": {
        "nixpkgs": [
          "nixpkgs"
        ],
        "squirrel_src": "squirrel_src_2",
        "tinycmmc": [
          "tinycmmc"
        ]
      },
      "locked": {
        "lastModified": 1716730551,
        "narHash": "sha256-c1rEjrcJ3Z7ZweQfOSs1lb8GNT5qAszmNKJ3pNyJkoo=",
        "owner": "grumnix",
        "repo": "squirrel",
        "rev": "e68aa9ae942cca756db34641ea07fb8339df7743",
        "type": "github"
      },
      "original": {
        "owner": "grumnix",
        "repo": "squirrel",
        "type": "github"
      }
    },
    "squirrel_src": {
      "flake": false,
      "locked": {
        "lastModified": 1651485918,
        "narHash": "sha256-cYj/83JVUBuLWznSfBjDIwrUI3e7F+FysQqpPgk4Wv4=",
        "owner": "albertodemichelis",
        "repo": "squirrel",
        "rev": "b31e5bdc213359f6612e77d36bae26fa85424c56",
        "type": "github"
      },
      "original": {
        "owner": "albertodemichelis",
        "repo": "squirrel",
        "rev": "b31e5bdc213359f6612e77d36bae26fa85424c56",
        "type": "github"
      }
    },
    "squirrel_src_2": {
      "flake": false,
      "locked": {
        "lastModified": 1651485918,
        "narHash": "sha256-cYj/83JVUBuLWznSfBjDIwrUI3e7F+FysQqpPgk4Wv4=",
        "owner": "albertodemichelis",
        "repo": "squirrel",
        "rev": "b31e5bdc213359f6612e77d36bae26fa85424c56",
        "type": "github"
      },
      "original": {
        "owner": "albertodemichelis",
        "repo": "squirrel",
        "rev": "b31e5bdc213359f6612e77d36bae26fa85424c56",
        "type": "github"
      }
    },
    "surfcpp": {
      "inputs": {
        "SDL2-win32": [
          "SDL2-win32"
        ],
        "geomcpp": [
          "geomcpp"
        ],
        "logmich": [
          "logmich"
        ],
        "nixpkgs": [
          "nixpkgs"
        ],
        "tinycmmc": [
          "tinycmmc"
        ]
      },
      "locked": {
        "lastModified": 1716735371,
        "narHash": "sha256-yO3JZb2V6fSqqMfHg73hde5oMhzeUdtf1QnggMjubpc=",
        "owner": "grumbel",
        "repo": "surfcpp",
        "rev": "1a86aa165282d4dfa59056d11545855a4d496975",
        "type": "github"
      },
      "original": {
        "owner": "grumbel",
        "repo": "surfcpp",
        "type": "github"
      }
    },
    "systems": {
      "locked": {
        "lastModified": 1681028828,
        "narHash": "sha256-Vy1rq5AaRuLzOxct8nz4T6wlgyUR7zLU309k9mBC768=",
        "owner": "nix-systems",
        "repo": "default",
        "rev": "da67096a3b9bf56a91d16901293e51ba5b49a27e",
        "type": "github"
      },
      "original": {
        "owner": "nix-systems",
        "repo": "default",
        "type": "github"
      }
    },
    "systems_2": {
      "locked": {
        "lastModified": 1681028828,
        "narHash": "sha256-Vy1rq5AaRuLzOxct8nz4T6wlgyUR7zLU309k9mBC768=",
        "owner": "nix-systems",
        "repo": "default",
        "rev": "da67096a3b9bf56a91d16901293e51ba5b49a27e",
        "type": "github"
      },
      "original": {
        "owner": "nix-systems",
        "repo": "default",
        "type": "github"
      }
    },
    "tinycmmc": {
      "inputs": {
        "flake-utils": "flake-utils_2",
        "nixpkgs": [
          "miniswig",
          "nixpkgs"
        ]
      },
      "locked": {
        "lastModified": 1701699760,
        "narHash": "sha256-L0vwqcTQFOiFfRY90nBgDuUsVOYS0+S8BfVxFvaFBNM=",
        "owner": "grumbel",
        "repo": "tinycmmc",
        "rev": "9a51e13802d930feb7261ba8876940659b258cb7",
        "type": "github"
      },
      "original": {
        "owner": "grumbel",
        "repo": "tinycmmc",
        "type": "github"
      }
    },
    "tinycmmc_2": {
      "inputs": {
        "flake-utils": [
          "flake-utils"
        ],
        "nixpkgs": [
          "nixpkgs"
        ]
      },
      "locked": {
        "lastModified": 1701699760,
        "narHash": "sha256-L0vwqcTQFOiFfRY90nBgDuUsVOYS0+S8BfVxFvaFBNM=",
        "owner": "grumbel",
        "repo": "tinycmmc",
        "rev": "9a51e13802d930feb7261ba8876940659b258cb7",
        "type": "github"
      },
      "original": {
        "owner": "grumbel",
        "repo": "tinycmmc",
        "type": "github"
      }
    },
    "wstdisplay": {
      "inputs": {
        "SDL2-win32": [
          "SDL2-win32"
        ],
        "babyxml": [
          "babyxml"
        ],
        "freetype-win32": "freetype-win32",
        "geomcpp": [
          "geomcpp"
        ],
        "glew-win32": "glew-win32",
        "logmich": [
          "logmich"
        ],
        "nixpkgs": [
          "nixpkgs"
        ],
        "surfcpp": [
          "surfcpp"
        ],
        "tinycmmc": [
          "tinycmmc"
        ]
      },
      "locked": {
        "lastModified": 1716735476,
        "narHash": "sha256-ELz1UQZIjcI7NrvtdiaBnnfXwGt1mThcT9Iz9oe+jh4=",
        "owner": "WindstilleTeam",
        "repo": "wstdisplay",
        "rev": "e74d687fa96ca2eeb39f6c5b466a56bca6f70715",
        "type": "github"
      },
      "original": {
        "owner": "WindstilleTeam",
        "repo": "wstdisplay",
        "type": "github"
      }
    },
    "wstgui": {
      "inputs": {
        "babyxml": [
          "babyxml"
        ],
        "flake-utils": [
          "flake-utils"
        ],
        "geomcpp": [
          "geomcpp"
        ],
        "logmich": [
          "logmich"
        ],
        "nixpkgs": [
          "nixpkgs"
        ],
        "priocpp": [
          "priocpp"
        ],
        "sexpcpp": "sexpcpp_2",
        "surfcpp": [
          "surfcpp"
        ],
        "tinycmmc": [
          "tinycmmc"
        ],
        "wstdisplay": [
          "wstdisplay"
        ],
        "wstinput": [
          "wstinput"
        ],
        "wstsound": [
          "wstsound"
        ]
      },
      "locked": {
        "lastModified": 1716735654,
        "narHash": "sha256-mYNMqWlqmSg5rU2OpskAzwTT6Ldx2ZfOpXWcEL4BGOc=",
        "owner": "WindstilleTeam",
        "repo": "wstgui",
        "rev": "c92620fa4f427e14cb41a7abf0bcf86c37872b78",
        "type": "github"
      },
      "original": {
        "owner": "WindstilleTeam",
        "repo": "wstgui",
        "type": "github"
      }
    },
    "wstinput": {
      "inputs": {
        "SDL2-win32": [
          "SDL2-win32"
        ],
        "flake-utils": [
          "flake-utils"
        ],
        "logmich": [
          "logmich"
        ],
        "nixpkgs": [
          "nixpkgs"
        ],
        "priocpp": [
          "priocpp"
        ],
        "sexpcpp": "sexpcpp_3",
        "tinycmmc": [
          "tinycmmc"
        ]
      },
      "locked": {
        "lastModified": 1716735595,
        "narHash": "sha256-c4ICDQ53QanacSTkgmNc1J9wn8aSpg1AkS+mMBGKvgk=",
        "owner": "WindstilleTeam",
        "repo": "wstinput",
        "rev": "7b8d66dcc285b22b3b52f0bf14b10b6c5949a3fa",
        "type": "github"
      },
      "original": {
        "owner": "WindstilleTeam",
        "repo": "wstinput",
        "type": "github"
      }
    },
    "wstsound": {
      "inputs": {
        "flake-utils": [
          "flake-utils"
        ],
        "libmodplug-win32": "libmodplug-win32",
        "libogg-win32": "libogg-win32",
        "libvorbis-win32": "libvorbis-win32",
        "mpg123-win32": "mpg123-win32",
        "nixpkgs": [
          "nixpkgs"
        ],
        "openal-soft-win32": "openal-soft-win32",
        "opus-win32": "opus-win32",
        "opusfile-win32": "opusfile-win32",
        "tinycmmc": [
          "tinycmmc"
        ]
      },
      "locked": {
        "lastModified": 1716728751,
        "narHash": "sha256-YUEYUNb8eiQI1KeI0x7NigxZJ0eM7teienylpE19Zw0=",
        "owner": "WindstilleTeam",
        "repo": "wstsound",
        "rev": "289cae8dd2b1e75c447b063a6a4299bf139d4249",
        "type": "github"
      },
      "original": {
        "owner": "WindstilleTeam",
        "repo": "wstsound",
        "type": "github"
      }
    }
  },
  "root": "root",
  "version": 7
}
