{
  "nodes": {
    "clanlib": {
      "inputs": {
        "flake-utils": [
          "flake-utils"
        ],
        "nix": [
          "nix"
        ],
        "nixpkgs": [
          "nixpkgs"
        ]
      },
      "locked": {
        "lastModified": 1637438035,
        "narHash": "sha256-eAHt3cOH212tMUlhOoQiiCq8tfv3VwOnERn3i6lKP7Q=",
        "owner": "grumbel",
        "repo": "clanlib-1.0",
        "rev": "5f020d2c7daed3171dffa6dc88a9d821b95549a9",
        "type": "gitlab"
      },
      "original": {
        "owner": "grumbel",
        "repo": "clanlib-1.0",
        "type": "gitlab"
      }
    },
    "flake-utils": {
      "locked": {
        "lastModified": 1637014545,
        "narHash": "sha256-26IZAc5yzlD9FlDT54io1oqG/bBoyka+FJk5guaX4x4=",
        "owner": "numtide",
        "repo": "flake-utils",
        "rev": "bba5dcc8e0b20ab664967ad83d24d64cb64ec4f4",
        "type": "github"
      },
      "original": {
        "owner": "numtide",
        "repo": "flake-utils",
        "type": "github"
      }
    },
    "lowdown-src": {
      "flake": false,
      "locked": {
        "lastModified": 1633514407,
        "narHash": "sha256-Dw32tiMjdK9t3ETl5fzGrutQTzh2rufgZV4A/BbxuD4=",
        "owner": "kristapsdz",
        "repo": "lowdown",
        "rev": "d2c2b44ff6c27b936ec27358a2653caaef8f73b8",
        "type": "github"
      },
      "original": {
        "owner": "kristapsdz",
        "repo": "lowdown",
        "type": "github"
      }
    },
    "nix": {
      "inputs": {
        "lowdown-src": "lowdown-src",
        "nixpkgs": [
          "nixpkgs"
        ]
      },
      "locked": {
        "lastModified": 1637331232,
        "narHash": "sha256-uJhnSkxUXNytAOFmDAgLhgW7JhkvOkYs5ezg73qwJPo=",
        "owner": "NixOS",
        "repo": "nix",
        "rev": "9cd8cffefc65fe425c6aa07aa3bc67a8eec46087",
        "type": "github"
      },
      "original": {
        "id": "nix",
        "type": "indirect"
      }
    },
    "nixpkgs": {
      "locked": {
        "lastModified": 1637445850,
        "narHash": "sha256-EU5ZEIaHkXqOzrY447IXkMZaFU9/CMUyc80e2oHljWg=",
        "owner": "grumbel",
        "repo": "nixpkgs",
        "rev": "2160a3ea575b0407fbc2b3360deb92f439b78685",
        "type": "github"
      },
      "original": {
        "owner": "grumbel",
        "ref": "fix-guile-3.0",
        "repo": "nixpkgs",
        "type": "github"
      }
    },
    "root": {
      "inputs": {
        "clanlib": "clanlib",
        "flake-utils": "flake-utils",
        "nix": "nix",
        "nixpkgs": "nixpkgs",
        "tinycmmc": "tinycmmc"
      }
    },
    "tinycmmc": {
      "inputs": {
        "flake-utils": [
          "flake-utils"
        ],
        "nix": [
          "nix"
        ],
        "nixpkgs": [
          "nixpkgs"
        ]
      },
      "locked": {
        "lastModified": 1636472398,
        "narHash": "sha256-j/HbXbIWjBQNrKOIwpBFCZGp4S1GGdqz6/wmpWT90zE=",
        "owner": "grumbel",
        "repo": "cmake-modules",
        "rev": "36d0a7b7b10c7fa3c0b6776a34eaebfcbe65deb5",
        "type": "gitlab"
      },
      "original": {
        "owner": "grumbel",
        "repo": "cmake-modules",
        "type": "gitlab"
      }
    }
  },
  "root": "root",
  "version": 7
}
