{
  "nodes": {
    "argparser": {
      "inputs": {
        "flake-utils": [
          "flake-utils"
        ],
        "nixpkgs": [
          "nixpkgs"
        ],
        "tinycmmc": [
          "tinycmmc"
        ]
      },
      "locked": {
        "lastModified": 1647119910,
        "narHash": "sha256-ljvsHTP8ZMVtOJmBm1T3yqswTf+A7wZteFftVwnkxrs=",
        "owner": "argparser",
        "repo": "argparser",
        "rev": "2979328108f6ca44aa1227cf0fc9f5931aa819a3",
        "type": "gitlab"
      },
      "original": {
        "owner": "argparser",
        "ref": "stable",
        "repo": "argparser",
        "type": "gitlab"
      }
    },
    "babyxml": {
      "inputs": {
        "flake-utils": [
          "flake-utils"
        ],
        "nixpkgs": [
          "nixpkgs"
        ],
        "tinycmmc": [
          "tinycmmc"
        ]
      },
      "locked": {
        "lastModified": 1653511450,
        "narHash": "sha256-CftWTY3Y7aJmRMsjR8iGB/UNGj+EUD2dMcpUya5l6cc=",
        "owner": "grumbel",
        "repo": "babyxml",
        "rev": "cd655ec92b2e25441d07b3251126d5edac2ecaf5",
        "type": "gitlab"
      },
      "original": {
        "owner": "grumbel",
        "repo": "babyxml",
        "type": "gitlab"
      }
    },
    "biiocpp": {
      "inputs": {
        "flake-utils": [
          "flake-utils"
        ],
        "nixpkgs": [
          "nixpkgs"
        ],
        "tinycmmc": [
          "tinycmmc"
        ]
      },
      "locked": {
        "lastModified": 1653481876,
        "narHash": "sha256-H5yL3tUPCAlcODnkY9LagfodCu4LXXZtTBNKhW/mZ+Q=",
        "owner": "grumbel",
        "repo": "biiocpp",
        "rev": "48f0e1d0bdcac57b8af668465c004383bc12c8e8",
        "type": "gitlab"
      },
      "original": {
        "owner": "grumbel",
        "repo": "biiocpp",
        "type": "gitlab"
      }
    },
    "flake-utils": {
      "locked": {
        "lastModified": 1653893745,
        "narHash": "sha256-0jntwV3Z8//YwuOjzhV2sgJJPt+HY6KhU7VZUL0fKZQ=",
        "owner": "numtide",
        "repo": "flake-utils",
        "rev": "1ed9fb1935d260de5fe1c2f7ee0ebaae17ed2fa1",
        "type": "github"
      },
      "original": {
        "owner": "numtide",
        "repo": "flake-utils",
        "type": "github"
      }
    },
    "geomcpp": {
      "inputs": {
        "flake-utils": [
          "flake-utils"
        ],
        "nixpkgs": [
          "nixpkgs"
        ],
        "tinycmmc": [
          "tinycmmc"
        ]
      },
      "locked": {
        "lastModified": 1653481475,
        "narHash": "sha256-xWR6T9mXh9nTeuG5WNrlP6bWeCdg46+2O7C0y8osrnM=",
        "owner": "grumbel",
        "repo": "geomcpp",
        "rev": "66cbc844752e39ecf80b5379f6d40e87ec5d9b9b",
        "type": "gitlab"
      },
      "original": {
        "owner": "grumbel",
        "repo": "geomcpp",
        "type": "gitlab"
      }
    },
    "logmich": {
      "inputs": {
        "flake-utils": [
          "flake-utils"
        ],
        "nixpkgs": [
          "nixpkgs"
        ],
        "tinycmmc": [
          "tinycmmc"
        ]
      },
      "locked": {
        "lastModified": 1653479858,
        "narHash": "sha256-03byGgsDLaThJKrJhTvfX3+L4d9/sH9n4kgimDBy1/4=",
        "owner": "logmich",
        "repo": "logmich",
        "rev": "9f61ee15a10880c8594645139b87a681934b5ccc",
        "type": "gitlab"
      },
      "original": {
        "owner": "logmich",
        "repo": "logmich",
        "type": "gitlab"
      }
    },
    "miniswig": {
      "inputs": {
        "flake-utils": [
          "flake-utils"
        ],
        "nixpkgs": [
          "nixpkgs"
        ]
      },
      "locked": {
        "lastModified": 1646140785,
        "narHash": "sha256-KQS7vZrwY3u9X9pwyjvnr6NDTtYz0q3uxPt6uXbdh/c=",
        "owner": "windstille",
        "repo": "miniswig",
        "rev": "747c30e3aead9e198d2e4a5a0583cdb26c770ab5",
        "type": "gitlab"
      },
      "original": {
        "owner": "windstille",
        "repo": "miniswig",
        "type": "gitlab"
      }
    },
    "nixpkgs": {
      "locked": {
        "lastModified": 1653830209,
        "narHash": "sha256-V+HnLKJzvk2HZcLUKt9z2puZ46vLo74chOakxbLfXek=",
        "owner": "NixOS",
        "repo": "nixpkgs",
        "rev": "cc257c49c495b2d0d7d40c5753a452d0abc8adf3",
        "type": "github"
      },
      "original": {
        "owner": "NixOS",
        "ref": "nixos-21.11",
        "repo": "nixpkgs",
        "type": "github"
      }
    },
    "priocpp": {
      "inputs": {
        "flake-utils": [
          "flake-utils"
        ],
        "logmich": [
          "logmich"
        ],
        "nixpkgs": [
          "nixpkgs"
        ],
        "sexpcpp": [
          "sexpcpp"
        ],
        "tinycmmc": [
          "tinycmmc"
        ]
      },
      "locked": {
        "lastModified": 1653481128,
        "narHash": "sha256-Uigk7ih3sb6WkTW2L2u9MabffOnC4nIvBhHtACxrQhM=",
        "owner": "grumbel",
        "repo": "priocpp",
        "rev": "a6ea6f6a40396de9169c7affdcf95af6cb438be5",
        "type": "gitlab"
      },
      "original": {
        "owner": "grumbel",
        "repo": "priocpp",
        "type": "gitlab"
      }
    },
    "root": {
      "inputs": {
        "argparser": "argparser",
        "babyxml": "babyxml",
        "biiocpp": "biiocpp",
        "flake-utils": "flake-utils",
        "geomcpp": "geomcpp",
        "logmich": "logmich",
        "miniswig": "miniswig",
        "nixpkgs": "nixpkgs",
        "priocpp": "priocpp",
        "sexpcpp": "sexpcpp",
        "surfcpp": "surfcpp",
        "tinycmmc": "tinycmmc",
        "wstdisplay": "wstdisplay",
        "wstgui": "wstgui",
        "wstinput": "wstinput",
        "wstsound": "wstsound"
      }
    },
    "sexpcpp": {
      "inputs": {
        "flake-utils": [
          "flake-utils"
        ],
        "nixpkgs": [
          "nixpkgs"
        ],
        "tinycmmc": [
          "tinycmmc"
        ]
      },
      "locked": {
        "lastModified": 1653481214,
        "narHash": "sha256-XS4cch1m0A2Wal0PieGC4OKzOozmbSnvPccxli6x0hA=",
        "owner": "lispparser",
        "repo": "sexp-cpp",
        "rev": "6810961ea2c3b55d7deedcfb4c9ba0ca48529b78",
        "type": "gitlab"
      },
      "original": {
        "owner": "lispparser",
        "repo": "sexp-cpp",
        "type": "gitlab"
      }
    },
    "surfcpp": {
      "inputs": {
        "flake-utils": [
          "flake-utils"
        ],
        "geomcpp": [
          "geomcpp"
        ],
        "logmich": [
          "logmich"
        ],
        "nixpkgs": [
          "nixpkgs"
        ],
        "tinycmmc": [
          "tinycmmc"
        ]
      },
      "locked": {
        "lastModified": 1653481531,
        "narHash": "sha256-5c92nkU3Ql4ISJ8B8lh09LceBC8q57WPGED+fV8WLnw=",
        "owner": "grumbel",
        "repo": "surfcpp",
        "rev": "c8b619d536ef132604024a1640cd60f6239d91b9",
        "type": "gitlab"
      },
      "original": {
        "owner": "grumbel",
        "repo": "surfcpp",
        "type": "gitlab"
      }
    },
    "tinycmmc": {
      "inputs": {
        "flake-utils": [
          "flake-utils"
        ],
        "nixpkgs": [
          "nixpkgs"
        ]
      },
      "locked": {
        "lastModified": 1653482755,
        "narHash": "sha256-DeDWi5PpGRj14FByJhQvfzQ77po/y7QAYd5dmVY1TaM=",
        "owner": "grumbel",
        "repo": "cmake-modules",
        "rev": "2e80227395c6bccd215a5cf35872b86927ec5cec",
        "type": "gitlab"
      },
      "original": {
        "owner": "grumbel",
        "repo": "cmake-modules",
        "type": "gitlab"
      }
    },
    "wstdisplay": {
      "inputs": {
        "babyxml": [
          "babyxml"
        ],
        "flake-utils": [
          "flake-utils"
        ],
        "geomcpp": [
          "geomcpp"
        ],
        "logmich": [
          "logmich"
        ],
        "nixpkgs": [
          "nixpkgs"
        ],
        "surfcpp": [
          "surfcpp"
        ],
        "tinycmmc": [
          "tinycmmc"
        ]
      },
      "locked": {
        "lastModified": 1653511328,
        "narHash": "sha256-xFdyiI10I/ovfQ4FxZegCg+9tgdoW/roGf13aVw1la4=",
        "owner": "windstille",
        "repo": "wstdisplay",
        "rev": "8c5fe246325238a40ee391ecbf104b88fba76909",
        "type": "gitlab"
      },
      "original": {
        "owner": "windstille",
        "repo": "wstdisplay",
        "type": "gitlab"
      }
    },
    "wstgui": {
      "inputs": {
        "babyxml": [
          "babyxml"
        ],
        "flake-utils": [
          "flake-utils"
        ],
        "geomcpp": [
          "geomcpp"
        ],
        "logmich": [
          "logmich"
        ],
        "nixpkgs": [
          "nixpkgs"
        ],
        "priocpp": [
          "priocpp"
        ],
        "sexpcpp": [
          "sexpcpp"
        ],
        "surfcpp": [
          "surfcpp"
        ],
        "tinycmmc": [
          "tinycmmc"
        ],
        "wstdisplay": [
          "wstdisplay"
        ],
        "wstinput": [
          "wstinput"
        ],
        "wstsound": [
          "wstsound"
        ]
      },
      "locked": {
        "lastModified": 1653486666,
        "narHash": "sha256-Sxv4aR5ecsHT2F45xtJDk6s2ARCu5vMXrKE1QwkDvhw=",
        "owner": "windstille",
        "repo": "wstgui",
        "rev": "d8662c7edd1226eaf86c6323e88385664f8c26f7",
        "type": "gitlab"
      },
      "original": {
        "owner": "windstille",
        "repo": "wstgui",
        "type": "gitlab"
      }
    },
    "wstinput": {
      "inputs": {
        "flake-utils": [
          "flake-utils"
        ],
        "logmich": [
          "logmich"
        ],
        "nixpkgs": [
          "nixpkgs"
        ],
        "priocpp": [
          "priocpp"
        ],
        "sexpcpp": [
          "sexpcpp"
        ],
        "tinycmmc": [
          "tinycmmc"
        ]
      },
      "locked": {
        "lastModified": 1653486076,
        "narHash": "sha256-NwB82lCpBEij/Y4HPOeb3dWGlSdTQGLVEkkxAR+xMZM=",
        "owner": "windstille",
        "repo": "wstinput",
        "rev": "3e2d1e73f0982ed949ac0f900698fb1a85cd4072",
        "type": "gitlab"
      },
      "original": {
        "owner": "windstille",
        "repo": "wstinput",
        "type": "gitlab"
      }
    },
    "wstsound": {
      "inputs": {
        "flake-utils": [
          "flake-utils"
        ],
        "nixpkgs": [
          "nixpkgs"
        ],
        "tinycmmc": [
          "tinycmmc"
        ]
      },
      "locked": {
        "lastModified": 1653486521,
        "narHash": "sha256-1Cth2fZGKZNZATfODD0vRlod3jXsrboZO6Tw4aer2kY=",
        "owner": "windstille",
        "repo": "wstsound",
        "rev": "2979a0536125dae6a235a03bbb0da56b6f8f017d",
        "type": "gitlab"
      },
      "original": {
        "owner": "windstille",
        "repo": "wstsound",
        "type": "gitlab"
      }
    }
  },
  "root": "root",
  "version": 7
}
